<?xml version="1.0" encoding="UTF-8" standalone="yes" ?>
<CodeBlocks_project_file>
	<FileVersion major="1" minor="6" />
	<Project>
		<Option title="mapeditor" />
		<Option pch_mode="2" />
		<Option compiler="gcc" />
		<Option virtualFolders="src/;" />
		<Build>
			<Target title="Debug">
				<Option output="bin/Debug/mapeditor" prefix_auto="1" extension_auto="1" />
				<Option object_output="obj/Debug/" />
				<Option type="1" />
				<Option compiler="gcc" />
				<Compiler>
					<Add option="-g" />
					<Add directory="src" />
					<Add directory="src/" />
				</Compiler>
			</Target>
			<Target title="Release">
				<Option output="bin/Release/mapeditor" prefix_auto="1" extension_auto="1" />
				<Option object_output="obj/Release/" />
				<Option type="1" />
				<Option compiler="gcc" />
				<Compiler>
					<Add option="-O2" />
					<Add directory="src" />
					<Add directory="src/" />
				</Compiler>
				<Linker>
					<Add option="-s" />
				</Linker>
			</Target>
		</Build>
		<Compiler>
			<Add option="-Wall" />
			<Add option="-fexceptions" />
		</Compiler>
		<Linker>
			<Add library="SDL2" />
			<Add library="GL" />
			<Add library="glut" />
			<Add library="SDL2_image" />
		</Linker>
		<Unit filename="main.cpp" />
		<Unit filename="src/Gui.cpp" />
		<Unit filename="src/Gui.h" />
		<Unit filename="src/IView.h" />
		<Unit filename="src/Image.cpp" />
		<Unit filename="src/Image.h" />
		<Unit filename="src/ImageLoader.cpp" />
		<Unit filename="src/ImageLoader.h" />
		<Unit filename="src/Level.cpp" />
		<Unit filename="src/Level.h" />
		<Unit filename="src/LevelView.cpp" />
		<Unit filename="src/LevelView.h" />
		<Unit filename="src/TileMap.cpp" />
		<Unit filename="src/TileMap.h" />
		<Unit filename="src/TileView.cpp" />
		<Unit filename="src/TileView.h" />
		<Unit filename="src/Utils.cpp" />
		<Unit filename="src/Utils.h" />
		<Extensions>
			<envvars />
			<code_completion />
			<lib_finder disable_auto="1" />
			<debugger />
		</Extensions>
	</Project>
</CodeBlocks_project_file>
